
Microsoft Visual Studio Solution File, Format Version 12.00
# Visual Studio Version 16
VisualStudioVersion = 16.0.29806.167
MinimumVisualStudioVersion = 10.0.40219.1
Project("{FAE04EC0-301F-11D3-BF4B-00C04F79EFBC}") = "IATADev", "IATADev\IATADev.csproj", "{7BF075DB-030F-442A-ACEB-35AEE50C7122}"
EndProject
Project("{FAE04EC0-301F-11D3-BF4B-00C04F79EFBC}") = "IATACmd", "IATACmd\IATACmd.csproj", "{803D8469-6472-4893-BA16-75D1670D1684}"
EndProject
Project("{9A19103F-16F7-4668-BE54-9A1E7A4F7556}") = "IATACmdCore", "IATACmdCore\IATACmdCore.csproj", "{2989DEBE-31F8-4DB2-A3A3-99D2C998DC0C}"
EndProject
Project("{9A19103F-16F7-4668-BE54-9A1E7A4F7556}") = "IATADevCore", "IATADevCore\IATADevCore.csproj", "{E065E6FB-47D3-408C-BB1D-ECBF734A4655}"
EndProject
Project("{FAE04EC0-301F-11D3-BF4B-00C04F79EFBC}") = "TestApp", "TestApp\TestApp.csproj", "{0A66CA65-1734-4C1B-8F44-4587A9B51578}"
EndProject
Global
	GlobalSection(SolutionConfigurationPlatforms) = preSolution
		Debug|Any CPU = Debug|Any CPU
		Release|Any CPU = Release|Any CPU
	EndGlobalSection
	GlobalSection(ProjectConfigurationPlatforms) = postSolution
		{7BF075DB-030F-442A-ACEB-35AEE50C7122}.Debug|Any CPU.ActiveCfg = Debug|Any CPU
		{7BF075DB-030F-442A-ACEB-35AEE50C7122}.Debug|Any CPU.Build.0 = Debug|Any CPU
		{7BF075DB-030F-442A-ACEB-35AEE50C7122}.Release|Any CPU.ActiveCfg = Release|Any CPU
		{7BF075DB-030F-442A-ACEB-35AEE50C7122}.Release|Any CPU.Build.0 = Release|Any CPU
		{803D8469-6472-4893-BA16-75D1670D1684}.Debug|Any CPU.ActiveCfg = Debug|Any CPU
		{803D8469-6472-4893-BA16-75D1670D1684}.Debug|Any CPU.Build.0 = Debug|Any CPU
		{803D8469-6472-4893-BA16-75D1670D1684}.Release|Any CPU.ActiveCfg = Release|Any CPU
		{803D8469-6472-4893-BA16-75D1670D1684}.Release|Any CPU.Build.0 = Release|Any CPU
		{2989DEBE-31F8-4DB2-A3A3-99D2C998DC0C}.Debug|Any CPU.ActiveCfg = Debug|Any CPU
		{2989DEBE-31F8-4DB2-A3A3-99D2C998DC0C}.Debug|Any CPU.Build.0 = Debug|Any CPU
		{2989DEBE-31F8-4DB2-A3A3-99D2C998DC0C}.Release|Any CPU.ActiveCfg = Release|Any CPU
		{2989DEBE-31F8-4DB2-A3A3-99D2C998DC0C}.Release|Any CPU.Build.0 = Release|Any CPU
		{E065E6FB-47D3-408C-BB1D-ECBF734A4655}.Debug|Any CPU.ActiveCfg = Debug|Any CPU
		{E065E6FB-47D3-408C-BB1D-ECBF734A4655}.Debug|Any CPU.Build.0 = Debug|Any CPU
		{E065E6FB-47D3-408C-BB1D-ECBF734A4655}.Release|Any CPU.ActiveCfg = Release|Any CPU
		{E065E6FB-47D3-408C-BB1D-ECBF734A4655}.Release|Any CPU.Build.0 = Release|Any CPU
		{0A66CA65-1734-4C1B-8F44-4587A9B51578}.Debug|Any CPU.ActiveCfg = Debug|Any CPU
		{0A66CA65-1734-4C1B-8F44-4587A9B51578}.Debug|Any CPU.Build.0 = Debug|Any CPU
		{0A66CA65-1734-4C1B-8F44-4587A9B51578}.Release|Any CPU.ActiveCfg = Release|Any CPU
		{0A66CA65-1734-4C1B-8F44-4587A9B51578}.Release|Any CPU.Build.0 = Release|Any CPU
	EndGlobalSection
	GlobalSection(SolutionProperties) = preSolution
		HideSolutionNode = FALSE
	EndGlobalSection
	GlobalSection(ExtensibilityGlobals) = postSolution
		SolutionGuid = {3497510C-9250-44D4-A746-DD2F56F77CE1}
	EndGlobalSection
EndGlobal
